<?xml version="1.0" encoding="utf-8"?>
<Project ToolsVersion="4.0" xmlns="http://schemas.microsoft.com/developer/msbuild/2003">
  <ItemGroup>
    <ClCompile Include="main.cpp" />
  </ItemGroup>
  <ItemGroup>
    <Filter Include="shaders">
      <UniqueIdentifier>{8bfca249-09a0-4d23-874d-8ed6e8f38bb3}</UniqueIdentifier>
    </Filter>
    <Filter Include="textures">
      <UniqueIdentifier>{19db4d31-6f28-496c-a85c-cbc3041f213b}</UniqueIdentifier>
    </Filter>
    <Filter Include="models">
      <UniqueIdentifier>{59c8a61d-5cbb-4309-b7c6-60866cdcb175}</UniqueIdentifier>
    </Filter>
  </ItemGroup>
  <ItemGroup>
    <None Include="shaders\shader.vert">
      <Filter>shaders</Filter>
    </None>
    <None Include="shaders\shader.frag">
      <Filter>shaders</Filter>
    </None>
    <None Include="..\getIntoGameDev-main\getIntoGameDev-main\vulkan\12 - Rendering\Start\shaders\compile.bat">
      <Filter>shaders</Filter>
    </None>
    <None Include="shaders\shader_ubo.vert">
      <Filter>shaders</Filter>
    </None>
    <None Include="shaders\shader_ubo.frag">
      <Filter>shaders</Filter>
    </None>
    <None Include="shaders\shader_textures.vert">
      <Filter>shaders</Filter>
    </None>
    <None Include="shaders\shader_textures.frag">
      <Filter>shaders</Filter>
    </None>
    <None Include="shader_depth.vert">
      <Filter>shaders</Filter>
    </None>
    <None Include="shader_depth.frag">
      <Filter>shaders</Filter>
    </None>
  </ItemGroup>
  <ItemGroup>
    <Image Include="textures\texture.jpg">
      <Filter>textures</Filter>
    </Image>
    <Image Include="F:\ПРАКТИКА\922\Документы\Модель\1234_aparat_stereo_glass.jpg">
      <Filter>textures</Filter>
    </Image>
  </ItemGroup>
  <ItemGroup>
    <Object Include="viking_room.obj">
      <Filter>models</Filter>
    </Object>
  </ItemGroup>
</Project>